
Microsoft Visual Studio Solution File, Format Version 12.00
# Visual Studio Version 16
VisualStudioVersion = 16.0.30907.101
MinimumVisualStudioVersion = 10.0.40219.1
Project("{FAE04EC0-301F-11D3-BF4B-00C04F79EFBC}") = "MONQTest", "MONQTest\MONQTest.csproj", "{F11D52F3-DD1B-4E88-AD50-228D28E7834C}"
EndProject
Global
	GlobalSection(SolutionConfigurationPlatforms) = preSolution
		Debug|Any CPU = Debug|Any CPU
		Release|Any CPU = Release|Any CPU
	EndGlobalSection
	GlobalSection(ProjectConfigurationPlatforms) = postSolution
		{F11D52F3-DD1B-4E88-AD50-228D28E7834C}.Debug|Any CPU.ActiveCfg = Debug|Any CPU
		{F11D52F3-DD1B-4E88-AD50-228D28E7834C}.Debug|Any CPU.Build.0 = Debug|Any CPU
		{F11D52F3-DD1B-4E88-AD50-228D28E7834C}.Release|Any CPU.ActiveCfg = Release|Any CPU
		{F11D52F3-DD1B-4E88-AD50-228D28E7834C}.Release|Any CPU.Build.0 = Release|Any CPU
	EndGlobalSection
	GlobalSection(SolutionProperties) = preSolution
		HideSolutionNode = FALSE
	EndGlobalSection
	GlobalSection(ExtensibilityGlobals) = postSolution
		SolutionGuid = {EBC9E20A-1E6C-423D-8FB1-4EF302D2EA33}
	EndGlobalSection
EndGlobal
